// !$*UTF8*$!
{
	archiveVersion = 1;
	classes = {
	};
	objectVersion = 55;
	objects = {

/* Begin PBXBuildFile section */
		5806794027AD11D500E03045 /* GoogleService-Info.plist in Resources */ = {isa = PBXBuildFile; fileRef = 5806793F27AD11D500E03045 /* GoogleService-Info.plist */; };
		5818AC8F27CC9F2C00DE47DE /* IQKeyboardManagerSwift in Frameworks */ = {isa = PBXBuildFile; productRef = 5818AC8E27CC9F2C00DE47DE /* IQKeyboardManagerSwift */; };
		5818AC9227CCBB8600DE47DE /* SwipeCellKit in Frameworks */ = {isa = PBXBuildFile; productRef = 5818AC9127CCBB8600DE47DE /* SwipeCellKit */; };
		582EC88D27BE211700B3542A /* MyInfoDetailVC.swift in Sources */ = {isa = PBXBuildFile; fileRef = 582EC88C27BE211700B3542A /* MyInfoDetailVC.swift */; };
		582EC88F27BE250F00B3542A /* VersionVC.swift in Sources */ = {isa = PBXBuildFile; fileRef = 582EC88E27BE250F00B3542A /* VersionVC.swift */; };
		5835A63427B649B30044109C /* MondayCell.swift in Sources */ = {isa = PBXBuildFile; fileRef = 5835A63227B649B30044109C /* MondayCell.swift */; };
		5835A63527B649B30044109C /* MondayCell.xib in Resources */ = {isa = PBXBuildFile; fileRef = 5835A63327B649B30044109C /* MondayCell.xib */; };
		584DC4A127B4FA38007480F4 /* MondayVC.swift in Sources */ = {isa = PBXBuildFile; fileRef = 584DC4A027B4FA38007480F4 /* MondayVC.swift */; };
		584DC4A327B4FA51007480F4 /* TuesdayVC.swift in Sources */ = {isa = PBXBuildFile; fileRef = 584DC4A227B4FA51007480F4 /* TuesdayVC.swift */; };
		584DC4A627B4FA88007480F4 /* WednesdayVC.swift in Sources */ = {isa = PBXBuildFile; fileRef = 584DC4A527B4FA88007480F4 /* WednesdayVC.swift */; };
		584DC4A827B4FA98007480F4 /* ThursdayVC.swift in Sources */ = {isa = PBXBuildFile; fileRef = 584DC4A727B4FA98007480F4 /* ThursdayVC.swift */; };
		584DC4AA27B4FAA5007480F4 /* FridayVC.swift in Sources */ = {isa = PBXBuildFile; fileRef = 584DC4A927B4FAA5007480F4 /* FridayVC.swift */; };
		584DC4AC27B4FABB007480F4 /* SaturdayVC.swift in Sources */ = {isa = PBXBuildFile; fileRef = 584DC4AB27B4FABB007480F4 /* SaturdayVC.swift */; };
		584DC4AE27B4FACA007480F4 /* SundayVC.swift in Sources */ = {isa = PBXBuildFile; fileRef = 584DC4AD27B4FACA007480F4 /* SundayVC.swift */; };
		585BA28B279BFCB900BB2886 /* AppDelegate.swift in Sources */ = {isa = PBXBuildFile; fileRef = 585BA28A279BFCB900BB2886 /* AppDelegate.swift */; };
		585BA28D279BFCB900BB2886 /* SceneDelegate.swift in Sources */ = {isa = PBXBuildFile; fileRef = 585BA28C279BFCB900BB2886 /* SceneDelegate.swift */; };
		585BA28F279BFCB900BB2886 /* HomeVC.swift in Sources */ = {isa = PBXBuildFile; fileRef = 585BA28E279BFCB900BB2886 /* HomeVC.swift */; };
		585BA292279BFCB900BB2886 /* Main.storyboard in Resources */ = {isa = PBXBuildFile; fileRef = 585BA290279BFCB900BB2886 /* Main.storyboard */; };
		585BA294279BFCBA00BB2886 /* Assets.xcassets in Resources */ = {isa = PBXBuildFile; fileRef = 585BA293279BFCBA00BB2886 /* Assets.xcassets */; };
		585BA297279BFCBA00BB2886 /* LaunchScreen.storyboard in Resources */ = {isa = PBXBuildFile; fileRef = 585BA295279BFCBA00BB2886 /* LaunchScreen.storyboard */; };
		5870EA8527AE46DC005B9E21 /* RegisterVC.swift in Sources */ = {isa = PBXBuildFile; fileRef = 5870EA8427AE46DC005B9E21 /* RegisterVC.swift */; };
		5870EA8727AE46E6005B9E21 /* LoginVC.swift in Sources */ = {isa = PBXBuildFile; fileRef = 5870EA8627AE46E6005B9E21 /* LoginVC.swift */; };
		5877CE7227C35A5600BE048F /* TuesdayCell.swift in Sources */ = {isa = PBXBuildFile; fileRef = 5877CE7027C35A5600BE048F /* TuesdayCell.swift */; };
		5877CE7327C35A5600BE048F /* TuesdayCell.xib in Resources */ = {isa = PBXBuildFile; fileRef = 5877CE7127C35A5600BE048F /* TuesdayCell.xib */; };
		588783E827E362DA007015E1 /* SundayCell.swift in Sources */ = {isa = PBXBuildFile; fileRef = 588783E627E362DA007015E1 /* SundayCell.swift */; };
		588783E927E362DA007015E1 /* SundayCell.xib in Resources */ = {isa = PBXBuildFile; fileRef = 588783E727E362DA007015E1 /* SundayCell.xib */; };
		58A1880427BB4F5000CC0962 /* Extension.swift in Sources */ = {isa = PBXBuildFile; fileRef = 58A1880327BB4F5000CC0962 /* Extension.swift */; };
		58A1880727BB4FE200CC0962 /* Indicator.swift in Sources */ = {isa = PBXBuildFile; fileRef = 58A1880627BB4FE200CC0962 /* Indicator.swift */; };
		58B8B32127BB6045005AF71C /* Messages.swift in Sources */ = {isa = PBXBuildFile; fileRef = 58B8B32027BB6045005AF71C /* Messages.swift */; };
		58C2787F27A2A55300582CFC /* RecordVC.swift in Sources */ = {isa = PBXBuildFile; fileRef = 58C2787E27A2A55300582CFC /* RecordVC.swift */; };
		58C2788127A2A5C200582CFC /* MyInfoVC.swift in Sources */ = {isa = PBXBuildFile; fileRef = 58C2788027A2A5C200582CFC /* MyInfoVC.swift */; };
		58D69C9427BCA6CD00E29D69 /* LaunchViewController.swift in Sources */ = {isa = PBXBuildFile; fileRef = 58D69C9227BCA6CD00E29D69 /* LaunchViewController.swift */; };
		58D69C9527BCA6CD00E29D69 /* LaunchViewController.xib in Resources */ = {isa = PBXBuildFile; fileRef = 58D69C9327BCA6CD00E29D69 /* LaunchViewController.xib */; };
		58D69C9727BCE16900E29D69 /* LoginNavigationVC.swift in Sources */ = {isa = PBXBuildFile; fileRef = 58D69C9627BCE16900E29D69 /* LoginNavigationVC.swift */; };
		58D69C9A27BCE4D200E29D69 /* RegisterNavigationVC.swift in Sources */ = {isa = PBXBuildFile; fileRef = 58D69C9927BCE4D200E29D69 /* RegisterNavigationVC.swift */; };
		58D9E04F27B2290100BC1897 /* BaseTabBarController.swift in Sources */ = {isa = PBXBuildFile; fileRef = 58D9E04E27B2290100BC1897 /* BaseTabBarController.swift */; };
		C950F3D0F0E6B6D53133D628 /* Pods_Work_Out_Timer.framework in Frameworks */ = {isa = PBXBuildFile; fileRef = 825BDA77ABF73A694FAC33F8 /* Pods_Work_Out_Timer.framework */; };
/* End PBXBuildFile section */

/* Begin PBXFileReference section */
		1483E6A443DF25C1CA35424B /* Pods-Work_Out_Timer.release.xcconfig */ = {isa = PBXFileReference; includeInIndex = 1; lastKnownFileType = text.xcconfig; name = "Pods-Work_Out_Timer.release.xcconfig"; path = "Target Support Files/Pods-Work_Out_Timer/Pods-Work_Out_Timer.release.xcconfig"; sourceTree = "<group>"; };
		5806793F27AD11D500E03045 /* GoogleService-Info.plist */ = {isa = PBXFileReference; fileEncoding = 4; lastKnownFileType = text.plist.xml; path = "GoogleService-Info.plist"; sourceTree = "<group>"; };
		582EC88C27BE211700B3542A /* MyInfoDetailVC.swift */ = {isa = PBXFileReference; lastKnownFileType = sourcecode.swift; path = MyInfoDetailVC.swift; sourceTree = "<group>"; };
		582EC88E27BE250F00B3542A /* VersionVC.swift */ = {isa = PBXFileReference; lastKnownFileType = sourcecode.swift; path = VersionVC.swift; sourceTree = "<group>"; };
		5835A63227B649B30044109C /* MondayCell.swift */ = {isa = PBXFileReference; lastKnownFileType = sourcecode.swift; path = MondayCell.swift; sourceTree = "<group>"; };
		5835A63327B649B30044109C /* MondayCell.xib */ = {isa = PBXFileReference; lastKnownFileType = file.xib; path = MondayCell.xib; sourceTree = "<group>"; };
		584DC4A027B4FA38007480F4 /* MondayVC.swift */ = {isa = PBXFileReference; lastKnownFileType = sourcecode.swift; path = MondayVC.swift; sourceTree = "<group>"; };
		584DC4A227B4FA51007480F4 /* TuesdayVC.swift */ = {isa = PBXFileReference; lastKnownFileType = sourcecode.swift; path = TuesdayVC.swift; sourceTree = "<group>"; };
		584DC4A527B4FA88007480F4 /* WednesdayVC.swift */ = {isa = PBXFileReference; lastKnownFileType = sourcecode.swift; path = WednesdayVC.swift; sourceTree = "<group>"; };
		584DC4A727B4FA98007480F4 /* ThursdayVC.swift */ = {isa = PBXFileReference; lastKnownFileType = sourcecode.swift; path = ThursdayVC.swift; sourceTree = "<group>"; };
		584DC4A927B4FAA5007480F4 /* FridayVC.swift */ = {isa = PBXFileReference; lastKnownFileType = sourcecode.swift; path = FridayVC.swift; sourceTree = "<group>"; };
		584DC4AB27B4FABB007480F4 /* SaturdayVC.swift */ = {isa = PBXFileReference; lastKnownFileType = sourcecode.swift; path = SaturdayVC.swift; sourceTree = "<group>"; };
		584DC4AD27B4FACA007480F4 /* SundayVC.swift */ = {isa = PBXFileReference; lastKnownFileType = sourcecode.swift; path = SundayVC.swift; sourceTree = "<group>"; };
		585BA287279BFCB900BB2886 /* Work_Out_Timer.app */ = {isa = PBXFileReference; explicitFileType = wrapper.application; includeInIndex = 0; path = Work_Out_Timer.app; sourceTree = BUILT_PRODUCTS_DIR; };
		585BA28A279BFCB900BB2886 /* AppDelegate.swift */ = {isa = PBXFileReference; lastKnownFileType = sourcecode.swift; path = AppDelegate.swift; sourceTree = "<group>"; };
		585BA28C279BFCB900BB2886 /* SceneDelegate.swift */ = {isa = PBXFileReference; lastKnownFileType = sourcecode.swift; path = SceneDelegate.swift; sourceTree = "<group>"; };
		585BA28E279BFCB900BB2886 /* HomeVC.swift */ = {isa = PBXFileReference; lastKnownFileType = sourcecode.swift; path = HomeVC.swift; sourceTree = "<group>"; };
		585BA291279BFCB900BB2886 /* Base */ = {isa = PBXFileReference; lastKnownFileType = file.storyboard; name = Base; path = Base.lproj/Main.storyboard; sourceTree = "<group>"; };
		585BA293279BFCBA00BB2886 /* Assets.xcassets */ = {isa = PBXFileReference; lastKnownFileType = folder.assetcatalog; path = Assets.xcassets; sourceTree = "<group>"; };
		585BA296279BFCBA00BB2886 /* Base */ = {isa = PBXFileReference; lastKnownFileType = file.storyboard; name = Base; path = Base.lproj/LaunchScreen.storyboard; sourceTree = "<group>"; };
		585BA298279BFCBA00BB2886 /* Info.plist */ = {isa = PBXFileReference; lastKnownFileType = text.plist.xml; path = Info.plist; sourceTree = "<group>"; };
		5870EA8427AE46DC005B9E21 /* RegisterVC.swift */ = {isa = PBXFileReference; lastKnownFileType = sourcecode.swift; path = RegisterVC.swift; sourceTree = "<group>"; };
		5870EA8627AE46E6005B9E21 /* LoginVC.swift */ = {isa = PBXFileReference; lastKnownFileType = sourcecode.swift; path = LoginVC.swift; sourceTree = "<group>"; };
		5877CE7027C35A5600BE048F /* TuesdayCell.swift */ = {isa = PBXFileReference; lastKnownFileType = sourcecode.swift; path = TuesdayCell.swift; sourceTree = "<group>"; };
		5877CE7127C35A5600BE048F /* TuesdayCell.xib */ = {isa = PBXFileReference; lastKnownFileType = file.xib; path = TuesdayCell.xib; sourceTree = "<group>"; };
		588783E627E362DA007015E1 /* SundayCell.swift */ = {isa = PBXFileReference; lastKnownFileType = sourcecode.swift; path = SundayCell.swift; sourceTree = "<group>"; };
		588783E727E362DA007015E1 /* SundayCell.xib */ = {isa = PBXFileReference; lastKnownFileType = file.xib; path = SundayCell.xib; sourceTree = "<group>"; };
		58A1880327BB4F5000CC0962 /* Extension.swift */ = {isa = PBXFileReference; lastKnownFileType = sourcecode.swift; path = Extension.swift; sourceTree = "<group>"; };
		58A1880627BB4FE200CC0962 /* Indicator.swift */ = {isa = PBXFileReference; lastKnownFileType = sourcecode.swift; path = Indicator.swift; sourceTree = "<group>"; };
		58B8B32027BB6045005AF71C /* Messages.swift */ = {isa = PBXFileReference; lastKnownFileType = sourcecode.swift; path = Messages.swift; sourceTree = "<group>"; };
		58C2787E27A2A55300582CFC /* RecordVC.swift */ = {isa = PBXFileReference; lastKnownFileType = sourcecode.swift; path = RecordVC.swift; sourceTree = "<group>"; };
		58C2788027A2A5C200582CFC /* MyInfoVC.swift */ = {isa = PBXFileReference; lastKnownFileType = sourcecode.swift; path = MyInfoVC.swift; sourceTree = "<group>"; };
		58D69C9227BCA6CD00E29D69 /* LaunchViewController.swift */ = {isa = PBXFileReference; lastKnownFileType = sourcecode.swift; path = LaunchViewController.swift; sourceTree = "<group>"; };
		58D69C9327BCA6CD00E29D69 /* LaunchViewController.xib */ = {isa = PBXFileReference; lastKnownFileType = file.xib; path = LaunchViewController.xib; sourceTree = "<group>"; };
		58D69C9627BCE16900E29D69 /* LoginNavigationVC.swift */ = {isa = PBXFileReference; lastKnownFileType = sourcecode.swift; path = LoginNavigationVC.swift; sourceTree = "<group>"; };
		58D69C9927BCE4D200E29D69 /* RegisterNavigationVC.swift */ = {isa = PBXFileReference; lastKnownFileType = sourcecode.swift; path = RegisterNavigationVC.swift; sourceTree = "<group>"; };
		58D9E04E27B2290100BC1897 /* BaseTabBarController.swift */ = {isa = PBXFileReference; lastKnownFileType = sourcecode.swift; path = BaseTabBarController.swift; sourceTree = "<group>"; };
		825BDA77ABF73A694FAC33F8 /* Pods_Work_Out_Timer.framework */ = {isa = PBXFileReference; explicitFileType = wrapper.framework; includeInIndex = 0; path = Pods_Work_Out_Timer.framework; sourceTree = BUILT_PRODUCTS_DIR; };
		B617A3BCFC4C7548F9D738DA /* Pods-Work_Out_Timer.debug.xcconfig */ = {isa = PBXFileReference; includeInIndex = 1; lastKnownFileType = text.xcconfig; name = "Pods-Work_Out_Timer.debug.xcconfig"; path = "Target Support Files/Pods-Work_Out_Timer/Pods-Work_Out_Timer.debug.xcconfig"; sourceTree = "<group>"; };
/* End PBXFileReference section */

/* Begin PBXFrameworksBuildPhase section */
		585BA284279BFCB900BB2886 /* Frameworks */ = {
			isa = PBXFrameworksBuildPhase;
			buildActionMask = 2147483647;
			files = (
				C950F3D0F0E6B6D53133D628 /* Pods_Work_Out_Timer.framework in Frameworks */,
				5818AC9227CCBB8600DE47DE /* SwipeCellKit in Frameworks */,
				5818AC8F27CC9F2C00DE47DE /* IQKeyboardManagerSwift in Frameworks */,
			);
			runOnlyForDeploymentPostprocessing = 0;
		};
/* End PBXFrameworksBuildPhase section */

/* Begin PBXGroup section */
		582EC89027BE29CD00B3542A /* Register */ = {
			isa = PBXGroup;
			children = (
				58D69C9927BCE4D200E29D69 /* RegisterNavigationVC.swift */,
				5870EA8427AE46DC005B9E21 /* RegisterVC.swift */,
				5870EA8627AE46E6005B9E21 /* LoginVC.swift */,
			);
			path = Register;
			sourceTree = "<group>";
		};
		582EC89127BE2CC300B3542A /* MyInfo */ = {
			isa = PBXGroup;
			children = (
				58C2788027A2A5C200582CFC /* MyInfoVC.swift */,
				582EC88C27BE211700B3542A /* MyInfoDetailVC.swift */,
				582EC88E27BE250F00B3542A /* VersionVC.swift */,
			);
			path = MyInfo;
			sourceTree = "<group>";
		};
		582EC89227BE425F00B3542A /* Tuesday */ = {
			isa = PBXGroup;
			children = (
				5877CE7427C35A5E00BE048F /* Cell */,
				584DC4A227B4FA51007480F4 /* TuesdayVC.swift */,
			);
			path = Tuesday;
			sourceTree = "<group>";
		};
		582EC89327BE426800B3542A /* Wednesday */ = {
			isa = PBXGroup;
			children = (
				584DC4A527B4FA88007480F4 /* WednesdayVC.swift */,
			);
			path = Wednesday;
			sourceTree = "<group>";
		};
		582EC89427BE427400B3542A /* Thursday */ = {
			isa = PBXGroup;
			children = (
				584DC4A727B4FA98007480F4 /* ThursdayVC.swift */,
			);
			path = Thursday;
			sourceTree = "<group>";
		};
		582EC89527BE427A00B3542A /* Friday */ = {
			isa = PBXGroup;
			children = (
				584DC4A927B4FAA5007480F4 /* FridayVC.swift */,
			);
			path = Friday;
			sourceTree = "<group>";
		};
		582EC89627BE427F00B3542A /* Saturday */ = {
			isa = PBXGroup;
			children = (
				584DC4AB27B4FABB007480F4 /* SaturdayVC.swift */,
			);
			path = Saturday;
			sourceTree = "<group>";
		};
		582EC89727BE428700B3542A /* Sunday */ = {
			isa = PBXGroup;
			children = (
				584DC4AD27B4FACA007480F4 /* SundayVC.swift */,
				588783EA27E362DE007015E1 /* Cell */,
			);
			path = Sunday;
			sourceTree = "<group>";
		};
		5835A63127B649950044109C /* Monday */ = {
			isa = PBXGroup;
			children = (
				5835A63727B649BF0044109C /* Cell */,
				584DC4A027B4FA38007480F4 /* MondayVC.swift */,
			);
			path = Monday;
			sourceTree = "<group>";
		};
		5835A63727B649BF0044109C /* Cell */ = {
			isa = PBXGroup;
			children = (
				5835A63227B649B30044109C /* MondayCell.swift */,
				5835A63327B649B30044109C /* MondayCell.xib */,
			);
			path = Cell;
			sourceTree = "<group>";
		};
		584DC4A427B4FA5B007480F4 /* Week */ = {
			isa = PBXGroup;
			children = (
				5835A63127B649950044109C /* Monday */,
				582EC89227BE425F00B3542A /* Tuesday */,
				582EC89327BE426800B3542A /* Wednesday */,
				582EC89427BE427400B3542A /* Thursday */,
				582EC89527BE427A00B3542A /* Friday */,
				582EC89627BE427F00B3542A /* Saturday */,
				582EC89727BE428700B3542A /* Sunday */,
				58B8B32027BB6045005AF71C /* Messages.swift */,
			);
			path = Week;
			sourceTree = "<group>";
		};
		585BA27E279BFCB900BB2886 = {
			isa = PBXGroup;
			children = (
				585BA289279BFCB900BB2886 /* Work_Out_Timer */,
				585BA288279BFCB900BB2886 /* Products */,
				DD9301585B36ADE494905B47 /* Pods */,
				A43F688E21321ECAE94D3DF9 /* Frameworks */,
			);
			sourceTree = "<group>";
		};
		585BA288279BFCB900BB2886 /* Products */ = {
			isa = PBXGroup;
			children = (
				585BA287279BFCB900BB2886 /* Work_Out_Timer.app */,
			);
			name = Products;
			sourceTree = "<group>";
		};
		585BA289279BFCB900BB2886 /* Work_Out_Timer */ = {
			isa = PBXGroup;
			children = (
				5870EA8327AE46C5005B9E21 /* Launch */,
				58A1880527BB4F5800CC0962 /* Base */,
				585BA290279BFCB900BB2886 /* Main.storyboard */,
				58C2788227A2A5D200582CFC /* Home */,
				58C2788327A2A5D900582CFC /* Record */,
				58C2788427A2A5DF00582CFC /* Setting */,
				58C2787D27A2A51C00582CFC /* Others */,
				585BA298279BFCBA00BB2886 /* Info.plist */,
				5806793F27AD11D500E03045 /* GoogleService-Info.plist */,
			);
			path = Work_Out_Timer;
			sourceTree = "<group>";
		};
		5870EA8327AE46C5005B9E21 /* Launch */ = {
			isa = PBXGroup;
			children = (
				58D69C9227BCA6CD00E29D69 /* LaunchViewController.swift */,
				58D69C9327BCA6CD00E29D69 /* LaunchViewController.xib */,
			);
			path = Launch;
			sourceTree = "<group>";
		};
		5877CE7427C35A5E00BE048F /* Cell */ = {
			isa = PBXGroup;
			children = (
				5877CE7027C35A5600BE048F /* TuesdayCell.swift */,
				5877CE7127C35A5600BE048F /* TuesdayCell.xib */,
			);
			path = Cell;
			sourceTree = "<group>";
		};
		588783EA27E362DE007015E1 /* Cell */ = {
			isa = PBXGroup;
			children = (
				588783E627E362DA007015E1 /* SundayCell.swift */,
				588783E727E362DA007015E1 /* SundayCell.xib */,
			);
			path = Cell;
			sourceTree = "<group>";
		};
		58A1880527BB4F5800CC0962 /* Base */ = {
			isa = PBXGroup;
			children = (
				58A1880327BB4F5000CC0962 /* Extension.swift */,
				58A1880627BB4FE200CC0962 /* Indicator.swift */,
				58D9E04E27B2290100BC1897 /* BaseTabBarController.swift */,
			);
			path = Base;
			sourceTree = "<group>";
		};
		58C2787D27A2A51C00582CFC /* Others */ = {
			isa = PBXGroup;
			children = (
				585BA293279BFCBA00BB2886 /* Assets.xcassets */,
				585BA295279BFCBA00BB2886 /* LaunchScreen.storyboard */,
				585BA28C279BFCB900BB2886 /* SceneDelegate.swift */,
				585BA28A279BFCB900BB2886 /* AppDelegate.swift */,
			);
			path = Others;
			sourceTree = "<group>";
		};
		58C2788227A2A5D200582CFC /* Home */ = {
			isa = PBXGroup;
			children = (
				585BA28E279BFCB900BB2886 /* HomeVC.swift */,
			);
			path = Home;
			sourceTree = "<group>";
		};
		58C2788327A2A5D900582CFC /* Record */ = {
			isa = PBXGroup;
			children = (
				58C2787E27A2A55300582CFC /* RecordVC.swift */,
				584DC4A427B4FA5B007480F4 /* Week */,
			);
			path = Record;
			sourceTree = "<group>";
		};
		58C2788427A2A5DF00582CFC /* Setting */ = {
			isa = PBXGroup;
			children = (
				58D69C9827BCE17100E29D69 /* LoginNavigation */,
				582EC89127BE2CC300B3542A /* MyInfo */,
				582EC89027BE29CD00B3542A /* Register */,
			);
			path = Setting;
			sourceTree = "<group>";
		};
		58D69C9827BCE17100E29D69 /* LoginNavigation */ = {
			isa = PBXGroup;
			children = (
				58D69C9627BCE16900E29D69 /* LoginNavigationVC.swift */,
			);
			path = LoginNavigation;
			sourceTree = "<group>";
		};
		A43F688E21321ECAE94D3DF9 /* Frameworks */ = {
			isa = PBXGroup;
			children = (
				825BDA77ABF73A694FAC33F8 /* Pods_Work_Out_Timer.framework */,
			);
			name = Frameworks;
			sourceTree = "<group>";
		};
		DD9301585B36ADE494905B47 /* Pods */ = {
			isa = PBXGroup;
			children = (
				B617A3BCFC4C7548F9D738DA /* Pods-Work_Out_Timer.debug.xcconfig */,
				1483E6A443DF25C1CA35424B /* Pods-Work_Out_Timer.release.xcconfig */,
			);
			path = Pods;
			sourceTree = "<group>";
		};
/* End PBXGroup section */

/* Begin PBXNativeTarget section */
		585BA286279BFCB900BB2886 /* Work_Out_Timer */ = {
			isa = PBXNativeTarget;
			buildConfigurationList = 585BA29B279BFCBA00BB2886 /* Build configuration list for PBXNativeTarget "Work_Out_Timer" */;
			buildPhases = (
				91F7C74EFA70AB25961E009B /* [CP] Check Pods Manifest.lock */,
				585BA283279BFCB900BB2886 /* Sources */,
				585BA284279BFCB900BB2886 /* Frameworks */,
				585BA285279BFCB900BB2886 /* Resources */,
				0AD6F7FF165BB606FF433F7A /* [CP] Embed Pods Frameworks */,
			);
			buildRules = (
			);
			dependencies = (
			);
			name = Work_Out_Timer;
			packageProductDependencies = (
				5818AC8E27CC9F2C00DE47DE /* IQKeyboardManagerSwift */,
				5818AC9127CCBB8600DE47DE /* SwipeCellKit */,
			);
			productName = Work_Out_Timer;
			productReference = 585BA287279BFCB900BB2886 /* Work_Out_Timer.app */;
			productType = "com.apple.product-type.application";
		};
/* End PBXNativeTarget section */

/* Begin PBXProject section */
		585BA27F279BFCB900BB2886 /* Project object */ = {
			isa = PBXProject;
			attributes = {
				BuildIndependentTargetsInParallel = 1;
				LastSwiftUpdateCheck = 1320;
				LastUpgradeCheck = 1320;
				TargetAttributes = {
					585BA286279BFCB900BB2886 = {
						CreatedOnToolsVersion = 13.2.1;
					};
				};
			};
			buildConfigurationList = 585BA282279BFCB900BB2886 /* Build configuration list for PBXProject "Work_Out_Timer" */;
			compatibilityVersion = "Xcode 13.0";
			developmentRegion = en;
			hasScannedForEncodings = 0;
			knownRegions = (
				en,
				Base,
			);
			mainGroup = 585BA27E279BFCB900BB2886;
			packageReferences = (
				5818AC8D27CC9F2C00DE47DE /* XCRemoteSwiftPackageReference "IQKeyboardManager" */,
				5818AC9027CCBB8600DE47DE /* XCRemoteSwiftPackageReference "SwipeCellKit" */,
			);
			productRefGroup = 585BA288279BFCB900BB2886 /* Products */;
			projectDirPath = "";
			projectRoot = "";
			targets = (
				585BA286279BFCB900BB2886 /* Work_Out_Timer */,
			);
		};
/* End PBXProject section */

/* Begin PBXResourcesBuildPhase section */
		585BA285279BFCB900BB2886 /* Resources */ = {
			isa = PBXResourcesBuildPhase;
			buildActionMask = 2147483647;
			files = (
				5835A63527B649B30044109C /* MondayCell.xib in Resources */,
				585BA297279BFCBA00BB2886 /* LaunchScreen.storyboard in Resources */,
				5877CE7327C35A5600BE048F /* TuesdayCell.xib in Resources */,
				588783E927E362DA007015E1 /* SundayCell.xib in Resources */,
				5806794027AD11D500E03045 /* GoogleService-Info.plist in Resources */,
				58D69C9527BCA6CD00E29D69 /* LaunchViewController.xib in Resources */,
				585BA294279BFCBA00BB2886 /* Assets.xcassets in Resources */,
				585BA292279BFCB900BB2886 /* Main.storyboard in Resources */,
			);
			runOnlyForDeploymentPostprocessing = 0;
		};
/* End PBXResourcesBuildPhase section */

/* Begin PBXShellScriptBuildPhase section */
		0AD6F7FF165BB606FF433F7A /* [CP] Embed Pods Frameworks */ = {
			isa = PBXShellScriptBuildPhase;
			buildActionMask = 2147483647;
			files = (
			);
			inputFileListPaths = (
				"${PODS_ROOT}/Target Support Files/Pods-Work_Out_Timer/Pods-Work_Out_Timer-frameworks-${CONFIGURATION}-input-files.xcfilelist",
			);
			name = "[CP] Embed Pods Frameworks";
			outputFileListPaths = (
				"${PODS_ROOT}/Target Support Files/Pods-Work_Out_Timer/Pods-Work_Out_Timer-frameworks-${CONFIGURATION}-output-files.xcfilelist",
			);
			runOnlyForDeploymentPostprocessing = 0;
			shellPath = /bin/sh;
			shellScript = "\"${PODS_ROOT}/Target Support Files/Pods-Work_Out_Timer/Pods-Work_Out_Timer-frameworks.sh\"\n";
			showEnvVarsInLog = 0;
		};
		91F7C74EFA70AB25961E009B /* [CP] Check Pods Manifest.lock */ = {
			isa = PBXShellScriptBuildPhase;
			buildActionMask = 2147483647;
			files = (
			);
			inputFileListPaths = (
			);
			inputPaths = (
				"${PODS_PODFILE_DIR_PATH}/Podfile.lock",
				"${PODS_ROOT}/Manifest.lock",
			);
			name = "[CP] Check Pods Manifest.lock";
			outputFileListPaths = (
			);
			outputPaths = (
				"$(DERIVED_FILE_DIR)/Pods-Work_Out_Timer-checkManifestLockResult.txt",
			);
			runOnlyForDeploymentPostprocessing = 0;
			shellPath = /bin/sh;
			shellScript = "diff \"${PODS_PODFILE_DIR_PATH}/Podfile.lock\" \"${PODS_ROOT}/Manifest.lock\" > /dev/null\nif [ $? != 0 ] ; then\n    # print error to STDERR\n    echo \"error: The sandbox is not in sync with the Podfile.lock. Run 'pod install' or update your CocoaPods installation.\" >&2\n    exit 1\nfi\n# This output is used by Xcode 'outputs' to avoid re-running this script phase.\necho \"SUCCESS\" > \"${SCRIPT_OUTPUT_FILE_0}\"\n";
			showEnvVarsInLog = 0;
		};
/* End PBXShellScriptBuildPhase section */

/* Begin PBXSourcesBuildPhase section */
		585BA283279BFCB900BB2886 /* Sources */ = {
			isa = PBXSourcesBuildPhase;
			buildActionMask = 2147483647;
			files = (
				585BA28F279BFCB900BB2886 /* HomeVC.swift in Sources */,
				58C2787F27A2A55300582CFC /* RecordVC.swift in Sources */,
				58D9E04F27B2290100BC1897 /* BaseTabBarController.swift in Sources */,
				5870EA8727AE46E6005B9E21 /* LoginVC.swift in Sources */,
				584DC4A827B4FA98007480F4 /* ThursdayVC.swift in Sources */,
				584DC4AA27B4FAA5007480F4 /* FridayVC.swift in Sources */,
				584DC4AE27B4FACA007480F4 /* SundayVC.swift in Sources */,
				584DC4A327B4FA51007480F4 /* TuesdayVC.swift in Sources */,
				58C2788127A2A5C200582CFC /* MyInfoVC.swift in Sources */,
				582EC88F27BE250F00B3542A /* VersionVC.swift in Sources */,
				58D69C9A27BCE4D200E29D69 /* RegisterNavigationVC.swift in Sources */,
				58A1880427BB4F5000CC0962 /* Extension.swift in Sources */,
				58A1880727BB4FE200CC0962 /* Indicator.swift in Sources */,
				585BA28B279BFCB900BB2886 /* AppDelegate.swift in Sources */,
				584DC4A127B4FA38007480F4 /* MondayVC.swift in Sources */,
				5870EA8527AE46DC005B9E21 /* RegisterVC.swift in Sources */,
				58D69C9727BCE16900E29D69 /* LoginNavigationVC.swift in Sources */,
				588783E827E362DA007015E1 /* SundayCell.swift in Sources */,
				5877CE7227C35A5600BE048F /* TuesdayCell.swift in Sources */,
				5835A63427B649B30044109C /* MondayCell.swift in Sources */,
				584DC4A627B4FA88007480F4 /* WednesdayVC.swift in Sources */,
				584DC4AC27B4FABB007480F4 /* SaturdayVC.swift in Sources */,
				58B8B32127BB6045005AF71C /* Messages.swift in Sources */,
				582EC88D27BE211700B3542A /* MyInfoDetailVC.swift in Sources */,
				585BA28D279BFCB900BB2886 /* SceneDelegate.swift in Sources */,
				58D69C9427BCA6CD00E29D69 /* LaunchViewController.swift in Sources */,
			);
			runOnlyForDeploymentPostprocessing = 0;
		};
/* End PBXSourcesBuildPhase section */

/* Begin PBXVariantGroup section */
		585BA290279BFCB900BB2886 /* Main.storyboard */ = {
			isa = PBXVariantGroup;
			children = (
				585BA291279BFCB900BB2886 /* Base */,
			);
			name = Main.storyboard;
			sourceTree = "<group>";
		};
		585BA295279BFCBA00BB2886 /* LaunchScreen.storyboard */ = {
			isa = PBXVariantGroup;
			children = (
				585BA296279BFCBA00BB2886 /* Base */,
			);
			name = LaunchScreen.storyboard;
			sourceTree = "<group>";
		};
/* End PBXVariantGroup section */

/* Begin XCBuildConfiguration section */
		585BA299279BFCBA00BB2886 /* Debug */ = {
			isa = XCBuildConfiguration;
			buildSettings = {
				ALWAYS_SEARCH_USER_PATHS = NO;
				CLANG_ANALYZER_NONNULL = YES;
				CLANG_ANALYZER_NUMBER_OBJECT_CONVERSION = YES_AGGRESSIVE;
				CLANG_CXX_LANGUAGE_STANDARD = "gnu++17";
				CLANG_CXX_LIBRARY = "libc++";
				CLANG_ENABLE_MODULES = YES;
				CLANG_ENABLE_OBJC_ARC = YES;
				CLANG_ENABLE_OBJC_WEAK = YES;
				CLANG_WARN_BLOCK_CAPTURE_AUTORELEASING = YES;
				CLANG_WARN_BOOL_CONVERSION = YES;
				CLANG_WARN_COMMA = YES;
				CLANG_WARN_CONSTANT_CONVERSION = YES;
				CLANG_WARN_DEPRECATED_OBJC_IMPLEMENTATIONS = YES;
				CLANG_WARN_DIRECT_OBJC_ISA_USAGE = YES_ERROR;
				CLANG_WARN_DOCUMENTATION_COMMENTS = YES;
				CLANG_WARN_EMPTY_BODY = YES;
				CLANG_WARN_ENUM_CONVERSION = YES;
				CLANG_WARN_INFINITE_RECURSION = YES;
				CLANG_WARN_INT_CONVERSION = YES;
				CLANG_WARN_NON_LITERAL_NULL_CONVERSION = YES;
				CLANG_WARN_OBJC_IMPLICIT_RETAIN_SELF = YES;
				CLANG_WARN_OBJC_LITERAL_CONVERSION = YES;
				CLANG_WARN_OBJC_ROOT_CLASS = YES_ERROR;
				CLANG_WARN_QUOTED_INCLUDE_IN_FRAMEWORK_HEADER = YES;
				CLANG_WARN_RANGE_LOOP_ANALYSIS = YES;
				CLANG_WARN_STRICT_PROTOTYPES = YES;
				CLANG_WARN_SUSPICIOUS_MOVE = YES;
				CLANG_WARN_UNGUARDED_AVAILABILITY = YES_AGGRESSIVE;
				CLANG_WARN_UNREACHABLE_CODE = YES;
				CLANG_WARN__DUPLICATE_METHOD_MATCH = YES;
				COPY_PHASE_STRIP = NO;
				DEBUG_INFORMATION_FORMAT = dwarf;
				ENABLE_STRICT_OBJC_MSGSEND = YES;
				ENABLE_TESTABILITY = YES;
				GCC_C_LANGUAGE_STANDARD = gnu11;
				GCC_DYNAMIC_NO_PIC = NO;
				GCC_NO_COMMON_BLOCKS = YES;
				GCC_OPTIMIZATION_LEVEL = 0;
				GCC_PREPROCESSOR_DEFINITIONS = (
					"DEBUG=1",
					"$(inherited)",
				);
				GCC_WARN_64_TO_32_BIT_CONVERSION = YES;
				GCC_WARN_ABOUT_RETURN_TYPE = YES_ERROR;
				GCC_WARN_UNDECLARED_SELECTOR = YES;
				GCC_WARN_UNINITIALIZED_AUTOS = YES_AGGRESSIVE;
				GCC_WARN_UNUSED_FUNCTION = YES;
				GCC_WARN_UNUSED_VARIABLE = YES;
				IPHONEOS_DEPLOYMENT_TARGET = 15.0;
				MTL_ENABLE_DEBUG_INFO = INCLUDE_SOURCE;
				MTL_FAST_MATH = YES;
				ONLY_ACTIVE_ARCH = YES;
				SDKROOT = iphoneos;
				SWIFT_ACTIVE_COMPILATION_CONDITIONS = DEBUG;
				SWIFT_OPTIMIZATION_LEVEL = "-Onone";
			};
			name = Debug;
		};
		585BA29A279BFCBA00BB2886 /* Release */ = {
			isa = XCBuildConfiguration;
			buildSettings = {
				ALWAYS_SEARCH_USER_PATHS = NO;
				CLANG_ANALYZER_NONNULL = YES;
				CLANG_ANALYZER_NUMBER_OBJECT_CONVERSION = YES_AGGRESSIVE;
				CLANG_CXX_LANGUAGE_STANDARD = "gnu++17";
				CLANG_CXX_LIBRARY = "libc++";
				CLANG_ENABLE_MODULES = YES;
				CLANG_ENABLE_OBJC_ARC = YES;
				CLANG_ENABLE_OBJC_WEAK = YES;
				CLANG_WARN_BLOCK_CAPTURE_AUTORELEASING = YES;
				CLANG_WARN_BOOL_CONVERSION = YES;
				CLANG_WARN_COMMA = YES;
				CLANG_WARN_CONSTANT_CONVERSION = YES;
				CLANG_WARN_DEPRECATED_OBJC_IMPLEMENTATIONS = YES;
				CLANG_WARN_DIRECT_OBJC_ISA_USAGE = YES_ERROR;
				CLANG_WARN_DOCUMENTATION_COMMENTS = YES;
				CLANG_WARN_EMPTY_BODY = YES;
				CLANG_WARN_ENUM_CONVERSION = YES;
				CLANG_WARN_INFINITE_RECURSION = YES;
				CLANG_WARN_INT_CONVERSION = YES;
				CLANG_WARN_NON_LITERAL_NULL_CONVERSION = YES;
				CLANG_WARN_OBJC_IMPLICIT_RETAIN_SELF = YES;
				CLANG_WARN_OBJC_LITERAL_CONVERSION = YES;
				CLANG_WARN_OBJC_ROOT_CLASS = YES_ERROR;
				CLANG_WARN_QUOTED_INCLUDE_IN_FRAMEWORK_HEADER = YES;
				CLANG_WARN_RANGE_LOOP_ANALYSIS = YES;
				CLANG_WARN_STRICT_PROTOTYPES = YES;
				CLANG_WARN_SUSPICIOUS_MOVE = YES;
				CLANG_WARN_UNGUARDED_AVAILABILITY = YES_AGGRESSIVE;
				CLANG_WARN_UNREACHABLE_CODE = YES;
				CLANG_WARN__DUPLICATE_METHOD_MATCH = YES;
				COPY_PHASE_STRIP = NO;
				DEBUG_INFORMATION_FORMAT = "dwarf-with-dsym";
				ENABLE_NS_ASSERTIONS = NO;
				ENABLE_STRICT_OBJC_MSGSEND = YES;
				GCC_C_LANGUAGE_STANDARD = gnu11;
				GCC_NO_COMMON_BLOCKS = YES;
				GCC_WARN_64_TO_32_BIT_CONVERSION = YES;
				GCC_WARN_ABOUT_RETURN_TYPE = YES_ERROR;
				GCC_WARN_UNDECLARED_SELECTOR = YES;
				GCC_WARN_UNINITIALIZED_AUTOS = YES_AGGRESSIVE;
				GCC_WARN_UNUSED_FUNCTION = YES;
				GCC_WARN_UNUSED_VARIABLE = YES;
				IPHONEOS_DEPLOYMENT_TARGET = 15.0;
				MTL_ENABLE_DEBUG_INFO = NO;
				MTL_FAST_MATH = YES;
				SDKROOT = iphoneos;
				SWIFT_COMPILATION_MODE = wholemodule;
				SWIFT_OPTIMIZATION_LEVEL = "-O";
				VALIDATE_PRODUCT = YES;
			};
			name = Release;
		};
		585BA29C279BFCBA00BB2886 /* Debug */ = {
			isa = XCBuildConfiguration;
			baseConfigurationReference = B617A3BCFC4C7548F9D738DA /* Pods-Work_Out_Timer.debug.xcconfig */;
			buildSettings = {
				ASSETCATALOG_COMPILER_APPICON_NAME = AppIcon;
				ASSETCATALOG_COMPILER_GLOBAL_ACCENT_COLOR_NAME = AccentColor;
				CODE_SIGN_STYLE = Automatic;
				CURRENT_PROJECT_VERSION = 1;
				DEVELOPMENT_TEAM = B84Q5QFST2;
				GENERATE_INFOPLIST_FILE = YES;
				INFOPLIST_FILE = Work_Out_Timer/Info.plist;
				INFOPLIST_KEY_UIApplicationSupportsIndirectInputEvents = YES;
				INFOPLIST_KEY_UILaunchStoryboardName = LaunchScreen;
				INFOPLIST_KEY_UIMainStoryboardFile = Main;
				INFOPLIST_KEY_UISupportedInterfaceOrientations_iPad = "UIInterfaceOrientationPortrait UIInterfaceOrientationPortraitUpsideDown UIInterfaceOrientationLandscapeLeft UIInterfaceOrientationLandscapeRight";
				INFOPLIST_KEY_UISupportedInterfaceOrientations_iPhone = "UIInterfaceOrientationPortrait UIInterfaceOrientationLandscapeLeft UIInterfaceOrientationLandscapeRight";
				LD_RUNPATH_SEARCH_PATHS = (
					"$(inherited)",
					"@executable_path/Frameworks",
				);
				MARKETING_VERSION = 1.0;
				PRODUCT_BUNDLE_IDENTIFIER = "Minjong.Work-Out-Timer";
				PRODUCT_NAME = "$(TARGET_NAME)";
				SWIFT_EMIT_LOC_STRINGS = YES;
				SWIFT_VERSION = 5.0;
				TARGETED_DEVICE_FAMILY = "1,2";
			};
			name = Debug;
		};
		585BA29D279BFCBA00BB2886 /* Release */ = {
			isa = XCBuildConfiguration;
			baseConfigurationReference = 1483E6A443DF25C1CA35424B /* Pods-Work_Out_Timer.release.xcconfig */;
			buildSettings = {
				ASSETCATALOG_COMPILER_APPICON_NAME = AppIcon;
				ASSETCATALOG_COMPILER_GLOBAL_ACCENT_COLOR_NAME = AccentColor;
				CODE_SIGN_STYLE = Automatic;
				CURRENT_PROJECT_VERSION = 1;
				DEVELOPMENT_TEAM = B84Q5QFST2;
				GENERATE_INFOPLIST_FILE = YES;
				INFOPLIST_FILE = Work_Out_Timer/Info.plist;
				INFOPLIST_KEY_UIApplicationSupportsIndirectInputEvents = YES;
				INFOPLIST_KEY_UILaunchStoryboardName = LaunchScreen;
				INFOPLIST_KEY_UIMainStoryboardFile = Main;
				INFOPLIST_KEY_UISupportedInterfaceOrientations_iPad = "UIInterfaceOrientationPortrait UIInterfaceOrientationPortraitUpsideDown UIInterfaceOrientationLandscapeLeft UIInterfaceOrientationLandscapeRight";
				INFOPLIST_KEY_UISupportedInterfaceOrientations_iPhone = "UIInterfaceOrientationPortrait UIInterfaceOrientationLandscapeLeft UIInterfaceOrientationLandscapeRight";
				LD_RUNPATH_SEARCH_PATHS = (
					"$(inherited)",
					"@executable_path/Frameworks",
				);
				MARKETING_VERSION = 1.0;
				PRODUCT_BUNDLE_IDENTIFIER = "Minjong.Work-Out-Timer";
				PRODUCT_NAME = "$(TARGET_NAME)";
				SWIFT_EMIT_LOC_STRINGS = YES;
				SWIFT_VERSION = 5.0;
				TARGETED_DEVICE_FAMILY = "1,2";
			};
			name = Release;
		};
/* End XCBuildConfiguration section */

/* Begin XCConfigurationList section */
		585BA282279BFCB900BB2886 /* Build configuration list for PBXProject "Work_Out_Timer" */ = {
			isa = XCConfigurationList;
			buildConfigurations = (
				585BA299279BFCBA00BB2886 /* Debug */,
				585BA29A279BFCBA00BB2886 /* Release */,
			);
			defaultConfigurationIsVisible = 0;
			defaultConfigurationName = Release;
		};
		585BA29B279BFCBA00BB2886 /* Build configuration list for PBXNativeTarget "Work_Out_Timer" */ = {
			isa = XCConfigurationList;
			buildConfigurations = (
				585BA29C279BFCBA00BB2886 /* Debug */,
				585BA29D279BFCBA00BB2886 /* Release */,
			);
			defaultConfigurationIsVisible = 0;
			defaultConfigurationName = Release;
		};
/* End XCConfigurationList section */

/* Begin XCRemoteSwiftPackageReference section */
		5818AC8D27CC9F2C00DE47DE /* XCRemoteSwiftPackageReference "IQKeyboardManager" */ = {
			isa = XCRemoteSwiftPackageReference;
			repositoryURL = "https://github.com/hackiftekhar/IQKeyboardManager";
			requirement = {
				kind = upToNextMajorVersion;
				minimumVersion = 6.5.3;
			};
		};
		5818AC9027CCBB8600DE47DE /* XCRemoteSwiftPackageReference "SwipeCellKit" */ = {
			isa = XCRemoteSwiftPackageReference;
			repositoryURL = "https://github.com/SwipeCellKit/SwipeCellKit";
			requirement = {
				kind = upToNextMajorVersion;
				minimumVersion = 2.7.1;
			};
		};
/* End XCRemoteSwiftPackageReference section */

/* Begin XCSwiftPackageProductDependency section */
		5818AC8E27CC9F2C00DE47DE /* IQKeyboardManagerSwift */ = {
			isa = XCSwiftPackageProductDependency;
			package = 5818AC8D27CC9F2C00DE47DE /* XCRemoteSwiftPackageReference "IQKeyboardManager" */;
			productName = IQKeyboardManagerSwift;
		};
		5818AC9127CCBB8600DE47DE /* SwipeCellKit */ = {
			isa = XCSwiftPackageProductDependency;
			package = 5818AC9027CCBB8600DE47DE /* XCRemoteSwiftPackageReference "SwipeCellKit" */;
			productName = SwipeCellKit;
		};
/* End XCSwiftPackageProductDependency section */
	};
	rootObject = 585BA27F279BFCB900BB2886 /* Project object */;
}
